// !$*UTF8*$!
{
	archiveVersion = 1;
	classes = {
	};
	objectVersion = 46;
	objects = {

/* Begin PBXBuildFile section */
		2A4E8BE51D775BD200DBAD53 /* mime.h in Headers */ = {isa = PBXBuildFile; fileRef = 2A4E8BE41D775BD200DBAD53 /* mime.h */; settings = {ATTRIBUTES = (Public, ); }; };
		2A60505E1D77732800970289 /* Gestures.swift in Sources */ = {isa = PBXBuildFile; fileRef = 2A60505D1D77732800970289 /* Gestures.swift */; };
		2AD6BFD51D77B16C00F5EBAE /* Target.swift in Sources */ = {isa = PBXBuildFile; fileRef = 2AD6BFD41D77B16C00F5EBAE /* Target.swift */; };
		2AD6C00B1D77B80B00F5EBAE /* Controls.swift in Sources */ = {isa = PBXBuildFile; fileRef = 2AD6C00A1D77B80B00F5EBAE /* Controls.swift */; };
		2AD6C00D1D77BFE000F5EBAE /* Mime.swift in Sources */ = {isa = PBXBuildFile; fileRef = 2AD6C00C1D77BFE000F5EBAE /* Mime.swift */; };
		A73488907D452D009798A24A /* Pods_mime.framework in Frameworks */ = {isa = PBXBuildFile; fileRef = DF841CD18F21FEA0A901A04D /* Pods_mime.framework */; };
/* End PBXBuildFile section */

/* Begin PBXContainerItemProxy section */
		2AD6BFF81D77B2C200F5EBAE /* PBXContainerItemProxy */ = {
			isa = PBXContainerItemProxy;
			containerPortal = 2AD6BFF41D77B2C200F5EBAE /* tests.xcodeproj */;
			proxyType = 2;
			remoteGlobalIDString = 2AD6BFDF1D77B2C200F5EBAE;
			remoteInfo = tests;
		};
/* End PBXContainerItemProxy section */

/* Begin PBXFileReference section */
		2A4E8BE11D775BD200DBAD53 /* mime.framework */ = {isa = PBXFileReference; explicitFileType = wrapper.framework; includeInIndex = 0; path = mime.framework; sourceTree = BUILT_PRODUCTS_DIR; };
		2A4E8BE41D775BD200DBAD53 /* mime.h */ = {isa = PBXFileReference; lastKnownFileType = sourcecode.c.h; path = mime.h; sourceTree = "<group>"; };
		2A4E8BE61D775BD200DBAD53 /* Info.plist */ = {isa = PBXFileReference; lastKnownFileType = text.plist.xml; path = Info.plist; sourceTree = "<group>"; };
		2A60505D1D77732800970289 /* Gestures.swift */ = {isa = PBXFileReference; fileEncoding = 4; lastKnownFileType = sourcecode.swift; path = Gestures.swift; sourceTree = "<group>"; };
		2AD6BFD41D77B16C00F5EBAE /* Target.swift */ = {isa = PBXFileReference; fileEncoding = 4; lastKnownFileType = sourcecode.swift; path = Target.swift; sourceTree = "<group>"; };
		2AD6BFF41D77B2C200F5EBAE /* tests.xcodeproj */ = {isa = PBXFileReference; lastKnownFileType = "wrapper.pb-project"; name = tests.xcodeproj; path = tests/tests.xcodeproj; sourceTree = "<group>"; };
		2AD6C00A1D77B80B00F5EBAE /* Controls.swift */ = {isa = PBXFileReference; fileEncoding = 4; lastKnownFileType = sourcecode.swift; path = Controls.swift; sourceTree = "<group>"; };
		2AD6C00C1D77BFE000F5EBAE /* Mime.swift */ = {isa = PBXFileReference; fileEncoding = 4; lastKnownFileType = sourcecode.swift; path = Mime.swift; sourceTree = "<group>"; };
		389881A372882E9039D0CACA /* Pods-mime.release.xcconfig */ = {isa = PBXFileReference; includeInIndex = 1; lastKnownFileType = text.xcconfig; name = "Pods-mime.release.xcconfig"; path = "Pods/Target Support Files/Pods-mime/Pods-mime.release.xcconfig"; sourceTree = "<group>"; };
		3B1AE262A1B99631A9A506E0 /* Pods-mime.debug.xcconfig */ = {isa = PBXFileReference; includeInIndex = 1; lastKnownFileType = text.xcconfig; name = "Pods-mime.debug.xcconfig"; path = "Pods/Target Support Files/Pods-mime/Pods-mime.debug.xcconfig"; sourceTree = "<group>"; };
		DF841CD18F21FEA0A901A04D /* Pods_mime.framework */ = {isa = PBXFileReference; explicitFileType = wrapper.framework; includeInIndex = 0; path = Pods_mime.framework; sourceTree = BUILT_PRODUCTS_DIR; };
/* End PBXFileReference section */

/* Begin PBXFrameworksBuildPhase section */
		2A4E8BDD1D775BD200DBAD53 /* Frameworks */ = {
			isa = PBXFrameworksBuildPhase;
			buildActionMask = 2147483647;
			files = (
				A73488907D452D009798A24A /* Pods_mime.framework in Frameworks */,
			);
			runOnlyForDeploymentPostprocessing = 0;
		};
/* End PBXFrameworksBuildPhase section */

/* Begin PBXGroup section */
		17DB13680A780C96ED417D29 /* Frameworks */ = {
			isa = PBXGroup;
			children = (
				DF841CD18F21FEA0A901A04D /* Pods_mime.framework */,
			);
			name = Frameworks;
			sourceTree = "<group>";
		};
		227BF6A3FF96CB450D513724 /* Pods */ = {
			isa = PBXGroup;
			children = (
				3B1AE262A1B99631A9A506E0 /* Pods-mime.debug.xcconfig */,
				389881A372882E9039D0CACA /* Pods-mime.release.xcconfig */,
			);
			name = Pods;
			sourceTree = "<group>";
		};
		2A4E8BD71D775BD200DBAD53 = {
			isa = PBXGroup;
			children = (
				2AD6BFF41D77B2C200F5EBAE /* tests.xcodeproj */,
				2A4E8BE31D775BD200DBAD53 /* mime */,
				2A4E8BE21D775BD200DBAD53 /* Products */,
				227BF6A3FF96CB450D513724 /* Pods */,
				17DB13680A780C96ED417D29 /* Frameworks */,
			);
			sourceTree = "<group>";
		};
		2A4E8BE21D775BD200DBAD53 /* Products */ = {
			isa = PBXGroup;
			children = (
				2A4E8BE11D775BD200DBAD53 /* mime.framework */,
			);
			name = Products;
			sourceTree = "<group>";
		};
		2A4E8BE31D775BD200DBAD53 /* mime */ = {
			isa = PBXGroup;
			children = (
				2A4E8BE41D775BD200DBAD53 /* mime.h */,
				2A4E8BE61D775BD200DBAD53 /* Info.plist */,
				2AD6BFD41D77B16C00F5EBAE /* Target.swift */,
				2AD6C00C1D77BFE000F5EBAE /* Mime.swift */,
				2A60505D1D77732800970289 /* Gestures.swift */,
				2AD6C00A1D77B80B00F5EBAE /* Controls.swift */,
			);
			path = mime;
			sourceTree = "<group>";
		};
		2AD6BFF51D77B2C200F5EBAE /* Products */ = {
			isa = PBXGroup;
			children = (
				2AD6BFF91D77B2C200F5EBAE /* tests.app */,
			);
			name = Products;
			sourceTree = "<group>";
		};
/* End PBXGroup section */

/* Begin PBXHeadersBuildPhase section */
		2A4E8BDE1D775BD200DBAD53 /* Headers */ = {
			isa = PBXHeadersBuildPhase;
			buildActionMask = 2147483647;
			files = (
				2A4E8BE51D775BD200DBAD53 /* mime.h in Headers */,
			);
			runOnlyForDeploymentPostprocessing = 0;
		};
/* End PBXHeadersBuildPhase section */

/* Begin PBXNativeTarget section */
		2A4E8BE01D775BD200DBAD53 /* mime */ = {
			isa = PBXNativeTarget;
			buildConfigurationList = 2A4E8BE91D775BD200DBAD53 /* Build configuration list for PBXNativeTarget "mime" */;
			buildPhases = (
				44B4BE8E958D2C9AB563C876 /* [CP] Check Pods Manifest.lock */,
				2A4E8BDC1D775BD200DBAD53 /* Sources */,
				2A4E8BDD1D775BD200DBAD53 /* Frameworks */,
				2A4E8BDE1D775BD200DBAD53 /* Headers */,
				2A4E8BDF1D775BD200DBAD53 /* Resources */,
				1FE4ACE9836F98D1DAFC2E1F /* [CP] Copy Pods Resources */,
			);
			buildRules = (
			);
			dependencies = (
			);
			name = mime;
			productName = mime;
			productReference = 2A4E8BE11D775BD200DBAD53 /* mime.framework */;
			productType = "com.apple.product-type.framework";
		};
/* End PBXNativeTarget section */

/* Begin PBXProject section */
		2A4E8BD81D775BD200DBAD53 /* Project object */ = {
			isa = PBXProject;
			attributes = {
				LastUpgradeCheck = 0730;
				ORGANIZATIONNAME = "James Taylor";
				TargetAttributes = {
					2A4E8BE01D775BD200DBAD53 = {
						CreatedOnToolsVersion = 7.3.1;
					};
				};
			};
			buildConfigurationList = 2A4E8BDB1D775BD200DBAD53 /* Build configuration list for PBXProject "mime" */;
			compatibilityVersion = "Xcode 3.2";
			developmentRegion = English;
			hasScannedForEncodings = 0;
			knownRegions = (
				en,
			);
			mainGroup = 2A4E8BD71D775BD200DBAD53;
			productRefGroup = 2A4E8BE21D775BD200DBAD53 /* Products */;
			projectDirPath = "";
			projectReferences = (
				{
					ProductGroup = 2AD6BFF51D77B2C200F5EBAE /* Products */;
					ProjectRef = 2AD6BFF41D77B2C200F5EBAE /* tests.xcodeproj */;
				},
			);
			projectRoot = "";
			targets = (
				2A4E8BE01D775BD200DBAD53 /* mime */,
			);
		};
/* End PBXProject section */

/* Begin PBXReferenceProxy section */
		2AD6BFF91D77B2C200F5EBAE /* tests.app */ = {
			isa = PBXReferenceProxy;
			fileType = wrapper.application;
			path = tests.app;
			remoteRef = 2AD6BFF81D77B2C200F5EBAE /* PBXContainerItemProxy */;
			sourceTree = BUILT_PRODUCTS_DIR;
		};
/* End PBXReferenceProxy section */

/* Begin PBXResourcesBuildPhase section */
		2A4E8BDF1D775BD200DBAD53 /* Resources */ = {
			isa = PBXResourcesBuildPhase;
			buildActionMask = 2147483647;
			files = (
			);
			runOnlyForDeploymentPostprocessing = 0;
		};
/* End PBXResourcesBuildPhase section */

/* Begin PBXShellScriptBuildPhase section */
		1FE4ACE9836F98D1DAFC2E1F /* [CP] Copy Pods Resources */ = {
			isa = PBXShellScriptBuildPhase;
			buildActionMask = 2147483647;
			files = (
			);
			inputPaths = (
			);
			name = "[CP] Copy Pods Resources";
			outputPaths = (
			);
			runOnlyForDeploymentPostprocessing = 0;
			shellPath = /bin/sh;
			shellScript = "\"${SRCROOT}/Pods/Target Support Files/Pods-mime/Pods-mime-resources.sh\"\n";
			showEnvVarsInLog = 0;
		};
		44B4BE8E958D2C9AB563C876 /* [CP] Check Pods Manifest.lock */ = {
			isa = PBXShellScriptBuildPhase;
			buildActionMask = 2147483647;
			files = (
			);
			inputPaths = (
			);
			name = "[CP] Check Pods Manifest.lock";
			outputPaths = (
			);
			runOnlyForDeploymentPostprocessing = 0;
			shellPath = /bin/sh;
			shellScript = "diff \"${PODS_ROOT}/../Podfile.lock\" \"${PODS_ROOT}/Manifest.lock\" > /dev/null\nif [[ $? != 0 ]] ; then\n    cat << EOM\nerror: The sandbox is not in sync with the Podfile.lock. Run 'pod install' or update your CocoaPods installation.\nEOM\n    exit 1\nfi\n";
			showEnvVarsInLog = 0;
		};
/* End PBXShellScriptBuildPhase section */

/* Begin PBXSourcesBuildPhase section */
		2A4E8BDC1D775BD200DBAD53 /* Sources */ = {
			isa = PBXSourcesBuildPhase;
			buildActionMask = 2147483647;
			files = (
				2AD6BFD51D77B16C00F5EBAE /* Target.swift in Sources */,
				2AD6C00D1D77BFE000F5EBAE /* Mime.swift in Sources */,
				2AD6C00B1D77B80B00F5EBAE /* Controls.swift in Sources */,
				2A60505E1D77732800970289 /* Gestures.swift in Sources */,
			);
			runOnlyForDeploymentPostprocessing = 0;
		};
/* End PBXSourcesBuildPhase section */

/* Begin XCBuildConfiguration section */
		2A4E8BE71D775BD200DBAD53 /* Debug */ = {
			isa = XCBuildConfiguration;
			buildSettings = {
				ALWAYS_SEARCH_USER_PATHS = NO;
				CLANG_ANALYZER_NONNULL = YES;
				CLANG_CXX_LANGUAGE_STANDARD = "gnu++0x";
				CLANG_CXX_LIBRARY = "libc++";
				CLANG_ENABLE_MODULES = YES;
				CLANG_ENABLE_OBJC_ARC = YES;
				CLANG_WARN_BOOL_CONVERSION = YES;
				CLANG_WARN_CONSTANT_CONVERSION = YES;
				CLANG_WARN_DIRECT_OBJC_ISA_USAGE = YES_ERROR;
				CLANG_WARN_EMPTY_BODY = YES;
				CLANG_WARN_ENUM_CONVERSION = YES;
				CLANG_WARN_INT_CONVERSION = YES;
				CLANG_WARN_OBJC_ROOT_CLASS = YES_ERROR;
				CLANG_WARN_UNREACHABLE_CODE = YES;
				CLANG_WARN__DUPLICATE_METHOD_MATCH = YES;
				"CODE_SIGN_IDENTITY[sdk=iphoneos*]" = "iPhone Developer";
				COPY_PHASE_STRIP = NO;
				CURRENT_PROJECT_VERSION = 1;
				DEBUG_INFORMATION_FORMAT = dwarf;
				ENABLE_STRICT_OBJC_MSGSEND = YES;
				ENABLE_TESTABILITY = YES;
				GCC_C_LANGUAGE_STANDARD = gnu99;
				GCC_DYNAMIC_NO_PIC = NO;
				GCC_NO_COMMON_BLOCKS = YES;
				GCC_OPTIMIZATION_LEVEL = 0;
				GCC_PREPROCESSOR_DEFINITIONS = (
					"DEBUG=1",
					"$(inherited)",
				);
				GCC_WARN_64_TO_32_BIT_CONVERSION = YES;
				GCC_WARN_ABOUT_RETURN_TYPE = YES_ERROR;
				GCC_WARN_UNDECLARED_SELECTOR = YES;
				GCC_WARN_UNINITIALIZED_AUTOS = YES_AGGRESSIVE;
				GCC_WARN_UNUSED_FUNCTION = YES;
				GCC_WARN_UNUSED_VARIABLE = YES;
				IPHONEOS_DEPLOYMENT_TARGET = 9.3;
				MTL_ENABLE_DEBUG_INFO = YES;
				ONLY_ACTIVE_ARCH = YES;
				SDKROOT = iphoneos;
				SWIFT_OPTIMIZATION_LEVEL = "-Onone";
				TARGETED_DEVICE_FAMILY = "1,2";
				VERSIONING_SYSTEM = "apple-generic";
				VERSION_INFO_PREFIX = "";
			};
			name = Debug;
		};
		2A4E8BE81D775BD200DBAD53 /* Release */ = {
			isa = XCBuildConfiguration;
			buildSettings = {
				ALWAYS_SEARCH_USER_PATHS = NO;
				CLANG_ANALYZER_NONNULL = YES;
				CLANG_CXX_LANGUAGE_STANDARD = "gnu++0x";
				CLANG_CXX_LIBRARY = "libc++";
				CLANG_ENABLE_MODULES = YES;
				CLANG_ENABLE_OBJC_ARC = YES;
				CLANG_WARN_BOOL_CONVERSION = YES;
				CLANG_WARN_CONSTANT_CONVERSION = YES;
				CLANG_WARN_DIRECT_OBJC_ISA_USAGE = YES_ERROR;
				CLANG_WARN_EMPTY_BODY = YES;
				CLANG_WARN_ENUM_CONVERSION = YES;
				CLANG_WARN_INT_CONVERSION = YES;
				CLANG_WARN_OBJC_ROOT_CLASS = YES_ERROR;
				CLANG_WARN_UNREACHABLE_CODE = YES;
				CLANG_WARN__DUPLICATE_METHOD_MATCH = YES;
				"CODE_SIGN_IDENTITY[sdk=iphoneos*]" = "iPhone Developer";
				COPY_PHASE_STRIP = NO;
				CURRENT_PROJECT_VERSION = 1;
				DEBUG_INFORMATION_FORMAT = "dwarf-with-dsym";
				ENABLE_NS_ASSERTIONS = NO;
				ENABLE_STRICT_OBJC_MSGSEND = YES;
				GCC_C_LANGUAGE_STANDARD = gnu99;
				GCC_NO_COMMON_BLOCKS = YES;
				GCC_WARN_64_TO_32_BIT_CONVERSION = YES;
				GCC_WARN_ABOUT_RETURN_TYPE = YES_ERROR;
				GCC_WARN_UNDECLARED_SELECTOR = YES;
				GCC_WARN_UNINITIALIZED_AUTOS = YES_AGGRESSIVE;
				GCC_WARN_UNUSED_FUNCTION = YES;
				GCC_WARN_UNUSED_VARIABLE = YES;
				IPHONEOS_DEPLOYMENT_TARGET = 9.3;
				MTL_ENABLE_DEBUG_INFO = NO;
				SDKROOT = iphoneos;
				TARGETED_DEVICE_FAMILY = "1,2";
				VALIDATE_PRODUCT = YES;
				VERSIONING_SYSTEM = "apple-generic";
				VERSION_INFO_PREFIX = "";
			};
			name = Release;
		};
		2A4E8BEA1D775BD200DBAD53 /* Debug */ = {
			isa = XCBuildConfiguration;
			baseConfigurationReference = 3B1AE262A1B99631A9A506E0 /* Pods-mime.debug.xcconfig */;
			buildSettings = {
				CLANG_ENABLE_MODULES = YES;
				DEFINES_MODULE = YES;
				DYLIB_COMPATIBILITY_VERSION = 1;
				DYLIB_CURRENT_VERSION = 1;
				DYLIB_INSTALL_NAME_BASE = "@rpath";
				INFOPLIST_FILE = mime/Info.plist;
				INSTALL_PATH = "$(LOCAL_LIBRARY_DIR)/Frameworks";
				LD_RUNPATH_SEARCH_PATHS = "$(inherited) @executable_path/Frameworks @loader_path/Frameworks";
				PRODUCT_BUNDLE_IDENTIFIER = com.jameslintaylor.mime;
				PRODUCT_NAME = "$(TARGET_NAME)";
				SKIP_INSTALL = YES;
				SWIFT_OPTIMIZATION_LEVEL = "-Onone";
			};
			name = Debug;
		};
		2A4E8BEB1D775BD200DBAD53 /* Release */ = {
			isa = XCBuildConfiguration;
			baseConfigurationReference = 389881A372882E9039D0CACA /* Pods-mime.release.xcconfig */;
			buildSettings = {
				CLANG_ENABLE_MODULES = YES;
				DEFINES_MODULE = YES;
				DYLIB_COMPATIBILITY_VERSION = 1;
				DYLIB_CURRENT_VERSION = 1;
				DYLIB_INSTALL_NAME_BASE = "@rpath";
				INFOPLIST_FILE = mime/Info.plist;
				INSTALL_PATH = "$(LOCAL_LIBRARY_DIR)/Frameworks";
				LD_RUNPATH_SEARCH_PATHS = "$(inherited) @executable_path/Frameworks @loader_path/Frameworks";
				PRODUCT_BUNDLE_IDENTIFIER = com.jameslintaylor.mime;
				PRODUCT_NAME = "$(TARGET_NAME)";
				SKIP_INSTALL = YES;
			};
			name = Release;
		};
/* End XCBuildConfiguration section */

/* Begin XCConfigurationList section */
		2A4E8BDB1D775BD200DBAD53 /* Build configuration list for PBXProject "mime" */ = {
			isa = XCConfigurationList;
			buildConfigurations = (
				2A4E8BE71D775BD200DBAD53 /* Debug */,
				2A4E8BE81D775BD200DBAD53 /* Release */,
			);
			defaultConfigurationIsVisible = 0;
			defaultConfigurationName = Release;
		};
		2A4E8BE91D775BD200DBAD53 /* Build configuration list for PBXNativeTarget "mime" */ = {
			isa = XCConfigurationList;
			buildConfigurations = (
				2A4E8BEA1D775BD200DBAD53 /* Debug */,
				2A4E8BEB1D775BD200DBAD53 /* Release */,
			);
			defaultConfigurationIsVisible = 0;
			defaultConfigurationName = Release;
		};
/* End XCConfigurationList section */
	};
	rootObject = 2A4E8BD81D775BD200DBAD53 /* Project object */;
}
